{
  "lockfileVersion": 1,
  "dependencies": {
    "@sindresorhus/df": {
      "version": "https://registry.npmjs.org/@sindresorhus/df/-/df-2.1.0.tgz",
      "integrity": "sha1-0gjPJ+BvC7R20U197M19cm6ao4k="
    },
    "@statusbar/battery": {
      "version": "https://registry.npmjs.org/@statusbar/battery/-/battery-0.0.3.tgz",
      "integrity": "sha1-V6vaNX6X3lwDYk/Q6w2Y2riI7VA="
    },
    "@statusbar/block": {
      "version": "https://registry.npmjs.org/@statusbar/block/-/block-0.0.2.tgz",
      "integrity": "sha1-fwBDgD6oU+8/JhF0aRuql+qFgzs="
    },
    "@statusbar/date": {
      "version": "https://registry.npmjs.org/@statusbar/date/-/date-0.0.2.tgz",
      "integrity": "sha1-NTPcaihDrbPvgY+7lw0Dk5w5Sx8="
    },
    "@statusbar/diskusage": {
      "version": "https://registry.npmjs.org/@statusbar/diskusage/-/diskusage-0.1.0.tgz",
      "integrity": "sha1-r8/xgAbEVR678SoAC2LD3hbwAsY="
    },
    "@statusbar/i3bar": {
      "version": "0.0.2",
      "resolved": "https://registry.npmjs.org/@statusbar/i3bar/-/i3bar-0.0.2.tgz",
      "integrity": "sha1-9jJnSz+6tvad/DMhSLMkP7+yoGo="
    },
    "@statusbar/mpd": {
      "version": "https://registry.npmjs.org/@statusbar/mpd/-/mpd-0.0.1.tgz",
      "integrity": "sha1-FXau2Kr4jH0S0Gdg4FmcgMIdTdE="
    },
    "@statusbar/text": {
      "version": "https://registry.npmjs.org/@statusbar/text/-/text-0.0.2.tgz",
      "integrity": "sha1-MlIMosyBAtZa5/S8A+kOX5NnRYE="
    },
    "@statusbar/volume": {
      "version": "https://registry.npmjs.org/@statusbar/volume/-/volume-0.0.2.tgz",
      "integrity": "sha1-46NzXuSeRiSWgTXFd5oD5OR89nM="
    },
    "@statusbar/whoami": {
      "version": "https://registry.npmjs.org/@statusbar/whoami/-/whoami-0.0.1.tgz",
      "integrity": "sha1-TD/K6DrFCTDobl0Ebq6w6lLTM0c="
    },
    "@statusbar/wifi": {
      "version": "https://registry.npmjs.org/@statusbar/wifi/-/wifi-0.0.2.tgz",
      "integrity": "sha1-hUumznWvPKfAWH/9hsOJA1fN39o="
    },
    "camelcase": {
      "version": "https://registry.npmjs.org/camelcase/-/camelcase-1.2.1.tgz",
      "integrity": "sha1-m7UwTS4LVmmLLHWLCKPqqdqlijk="
    },
    "camelcase-keys": {
      "version": "https://registry.npmjs.org/camelcase-keys/-/camelcase-keys-1.0.0.tgz",
      "integrity": "sha1-vRoRv5sxoc5JNJOpMN4aC69K1+w="
    },
    "core-util-is": {
      "version": "https://registry.npmjs.org/core-util-is/-/core-util-is-1.0.2.tgz",
      "integrity": "sha1-tf1UIgqivFq1eqtxQMlAdUUDwac="
    },
    "cross-spawn-async": {
      "version": "https://registry.npmjs.org/cross-spawn-async/-/cross-spawn-async-2.2.5.tgz",
      "integrity": "sha1-hF/wwINKPe2dFg2sptOQkGuyiMw="
    },
    "execa": {
      "version": "https://registry.npmjs.org/execa/-/execa-0.2.2.tgz",
      "integrity": "sha1-4urUcsLDGq1vc/GslW7vReEjIMs="
    },
    "fecha": {
      "version": "https://registry.npmjs.org/fecha/-/fecha-2.3.1.tgz",
      "integrity": "sha1-khtOWp0zGqqbZcFjSyb8RZRfZCE="
    },
    "inherits": {
      "version": "https://registry.npmjs.org/inherits/-/inherits-2.0.3.tgz",
      "integrity": "sha1-Yzwsg+PaQqUC9SRmAiSA9CCCYd4="
    },
    "is-stream": {
      "version": "https://registry.npmjs.org/is-stream/-/is-stream-1.1.0.tgz",
      "integrity": "sha1-EtSj3U5o4Lec6428hBc66A2RykQ="
    },
    "isarray": {
      "version": "https://registry.npmjs.org/isarray/-/isarray-1.0.0.tgz",
      "integrity": "sha1-u5NdSFgsuhaMBoNJV6VKPgcSTxE="
    },
    "isexe": {
      "version": "https://registry.npmjs.org/isexe/-/isexe-2.0.0.tgz",
      "integrity": "sha1-6PvzdNxVb/iUehDcsFctYz8s+hA="
    },
    "jsonparse": {
      "version": "https://registry.npmjs.org/jsonparse/-/jsonparse-1.3.1.tgz",
      "integrity": "sha1-P02uSpH6wxX3EGL4UhzCOfE2YoA="
    },
    "JSONStream": {
      "version": "https://registry.npmjs.org/JSONStream/-/JSONStream-1.3.1.tgz",
      "integrity": "sha1-cH92HgHa6eFvG8+TcDt4xwlmV5o="
    },
    "linux-batteries": {
      "version": "https://registry.npmjs.org/linux-batteries/-/linux-batteries-2.0.0.tgz",
      "integrity": "sha1-MstXILIz1UQ6AjSAf8rA0NIiqP4="
    },
    "linux-battery": {
      "version": "https://registry.npmjs.org/linux-battery/-/linux-battery-3.0.1.tgz",
      "integrity": "sha1-giT1FGUt6yJoFXW15Gm829aTs5g="
    },
    "loudness": {
      "version": "https://registry.npmjs.org/loudness/-/loudness-0.2.2.tgz",
      "integrity": "sha1-hkK/tmqgPwKuB8UvEcYQIpeeDvg="
    },
    "lru-cache": {
      "version": "https://registry.npmjs.org/lru-cache/-/lru-cache-4.0.2.tgz",
      "integrity": "sha1-HRdnnAac2l0ECZGgnbwsDbN35V4="
    },
    "map-obj": {
      "version": "https://registry.npmjs.org/map-obj/-/map-obj-1.0.1.tgz",
      "integrity": "sha1-2TPOuSBdgr3PSIb2dCvcK03qFG0="
    },
    "mem": {
      "version": "https://registry.npmjs.org/mem/-/mem-0.1.1.tgz",
      "integrity": "sha1-JN+YjDECsDwHTBspYjnFsuZkeCU="
    },
    "npm-run-path": {
      "version": "https://registry.npmjs.org/npm-run-path/-/npm-run-path-1.0.0.tgz",
      "integrity": "sha1-9cMr9ZX+ga6Sfa7FLoL4sACsPI8="
    },
    "object-assign": {
      "version": "https://registry.npmjs.org/object-assign/-/object-assign-4.1.1.tgz",
      "integrity": "sha1-IQmtx5ZYh8/AXLvUQsrIv7s2CGM="
    },
    "path-key": {
      "version": "https://registry.npmjs.org/path-key/-/path-key-1.0.0.tgz",
      "integrity": "sha1-XVPVeAGWRsDWiADbThRua9wqx68="
    },
    "pify": {
      "version": "https://registry.npmjs.org/pify/-/pify-2.3.0.tgz",
      "integrity": "sha1-7RQaasBDqEnqWISY59yosVMw6Qw="
    },
    "pinkie": {
      "version": "https://registry.npmjs.org/pinkie/-/pinkie-1.0.0.tgz",
      "integrity": "sha1-Wkfyi6EBXQIBvae/DzWOR77Ix+Q="
    },
    "pinkie-promise": {
      "version": "https://registry.npmjs.org/pinkie-promise/-/pinkie-promise-1.0.0.tgz",
      "integrity": "sha1-0dpn9UglY7t89X8oauKCLs+/NnA="
    },
    "prettier-bytes": {
      "version": "https://registry.npmjs.org/prettier-bytes/-/prettier-bytes-1.0.4.tgz",
      "integrity": "sha1-mUsCqkb2mcULYle1+qp/4lV+YtY="
    },
    "process-nextick-args": {
      "version": "https://registry.npmjs.org/process-nextick-args/-/process-nextick-args-1.0.7.tgz",
      "integrity": "sha1-FQ4gt1ZZCtP5EJPyWk8q2L/zC6M="
    },
    "pseudomap": {
      "version": "https://registry.npmjs.org/pseudomap/-/pseudomap-1.0.2.tgz",
      "integrity": "sha1-8FKijacOYYkX7wqKw0wa5aaChrM="
    },
    "readable-stream": {
      "version": "https://registry.npmjs.org/readable-stream/-/readable-stream-2.2.10.tgz",
      "integrity": "sha1-7/5yu3yITA3TNeI3nVJhltnQEe4="
    },
    "safe-buffer": {
      "version": "https://registry.npmjs.org/safe-buffer/-/safe-buffer-5.1.0.tgz",
      "integrity": "sha1-/kyEYDl/nqqqWOc75GJzQIpF4iM="
    },
    "split2": {
      "version": "https://registry.npmjs.org/split2/-/split2-2.1.1.tgz",
      "integrity": "sha1-eh9VHhdqkOzTNF9yRqDP4XXvT9A="
    },
    "string_decoder": {
      "version": "https://registry.npmjs.org/string_decoder/-/string_decoder-1.0.1.tgz",
      "integrity": "sha1-YuIA8DmVWmgQ2N8KM//A8BNmLZg="
    },
    "strip-eof": {
      "version": "https://registry.npmjs.org/strip-eof/-/strip-eof-1.0.0.tgz",
      "integrity": "sha1-u0P/VZim6wXYm1n80SnJgzE2Br8="
    },
    "through": {
      "version": "https://registry.npmjs.org/through/-/through-2.3.8.tgz",
      "integrity": "sha1-DdTJ/6q8NXlgsbckEV1+Doai4fU="
    },
    "through2": {
      "version": "https://registry.npmjs.org/through2/-/through2-2.0.3.tgz",
      "integrity": "sha1-AARWmzfHx0ujnEPzzteNGtlBQL4="
    },
    "username": {
      "version": "https://registry.npmjs.org/username/-/username-2.3.0.tgz",
      "integrity": "sha1-ujfdU6x9YiXndzD915JE8fwFjh4=",
      "dependencies": {
        "execa": {
          "version": "https://registry.npmjs.org/execa/-/execa-0.4.0.tgz",
          "integrity": "sha1-TrZGejaglfq7KXD/nV4/t7zm68M="
        }
      }
    },
    "util-deprecate": {
      "version": "https://registry.npmjs.org/util-deprecate/-/util-deprecate-1.0.2.tgz",
      "integrity": "sha1-RQ1Nyfpw3nMnYvvS1KKJgUGaDM8="
    },
    "which": {
      "version": "https://registry.npmjs.org/which/-/which-1.2.14.tgz",
      "integrity": "sha1-mofEN48D6CfOyvGs31bHNsAcFOU="
    },
    "wifi-name": {
      "version": "https://registry.npmjs.org/wifi-name/-/wifi-name-3.0.0.tgz",
      "integrity": "sha1-x+kZ/OE9w9Hzq2lURr/1pBeYd04=",
      "dependencies": {
        "execa": {
          "version": "https://registry.npmjs.org/execa/-/execa-0.4.0.tgz",
          "integrity": "sha1-TrZGejaglfq7KXD/nV4/t7zm68M="
        }
      }
    },
    "xtend": {
      "version": "https://registry.npmjs.org/xtend/-/xtend-4.0.1.tgz",
      "integrity": "sha1-pcbVMr5lbiPbgg77lDofBJmNY68="
    },
    "yallist": {
      "version": "https://registry.npmjs.org/yallist/-/yallist-2.1.2.tgz",
      "integrity": "sha1-HBH5IY8HYImkfdUS+TxmmaaoHVI="
    }
  }
}
